
Microsoft Visual Studio Solution File, Format Version 12.00
# Visual Studio Version 17
VisualStudioVersion = 17.1.32228.430
MinimumVisualStudioVersion = 10.0.40219.1
Project("{FAE04EC0-301F-11D3-BF4B-00C04F79EFBC}") = "KeyboardLed", "KeyboardLed\KeyboardLed.csproj", "{3E8B779B-0CA2-434B-A3A3-F8F6C56CC5E2}"
EndProject
Global
	GlobalSection(SolutionConfigurationPlatforms) = preSolution
		Debug|Any CPU = Debug|Any CPU
		Release|Any CPU = Release|Any CPU
	EndGlobalSection
	GlobalSection(ProjectConfigurationPlatforms) = postSolution
		{3E8B779B-0CA2-434B-A3A3-F8F6C56CC5E2}.Debug|Any CPU.ActiveCfg = Debug|Any CPU
		{3E8B779B-0CA2-434B-A3A3-F8F6C56CC5E2}.Debug|Any CPU.Build.0 = Debug|Any CPU
		{3E8B779B-0CA2-434B-A3A3-F8F6C56CC5E2}.Release|Any CPU.ActiveCfg = Release|Any CPU
		{3E8B779B-0CA2-434B-A3A3-F8F6C56CC5E2}.Release|Any CPU.Build.0 = Release|Any CPU
	EndGlobalSection
	GlobalSection(SolutionProperties) = preSolution
		HideSolutionNode = FALSE
	EndGlobalSection
	GlobalSection(ExtensibilityGlobals) = postSolution
		SolutionGuid = {4CD31367-61CF-4200-837B-72AAA0878E24}
	EndGlobalSection
EndGlobal
